{
    "_meta": {
        "hash": {
            "sha256": "7a6569f8a60c726a0b5c119d38b9924349a833c5cb980a533c0a3f8c9c88271d"
        },
        "pipfile-spec": 6,
        "requires": {
            "python_version": "3.10"
        },
        "sources": [
            {
                "name": "pypi",
                "url": "https://pypi.org/simple",
                "verify_ssl": true
            }
        ]
    },
    "default": {
        "more-itertools": {
            "hashes": [
                "sha256:43e6dd9942dffd72661a2c4ef383ad7da1e6a3e968a927ad7a6083ab410a688b",
                "sha256:7dc6ad46f05f545f900dd59e8dfb4e84a4827b97b3cfecb175ea0c7d247f6064"
            ],
            "index": "pypi",
            "version": "==8.12.0"
        },
        "multiset": {
            "hashes": [
                "sha256:5247391995a92b61a70d1fc3596fd5004346e37400ac6bdcb9549f3ab048a0c0",
                "sha256:e45671cae8385a8e6248a9b07a3a83280c2d0cc4312713058cfbacdc5ec9973e"
            ],
            "index": "pypi",
            "version": "==3.0.1"
        }
    },
    "develop": {}
}
